
Microsoft Visual Studio Solution File, Format Version 12.00
# Visual Studio Version 17
VisualStudioVersion = 17.4.33213.308
MinimumVisualStudioVersion = 10.0.40219.1
Project("{FAE04EC0-301F-11D3-BF4B-00C04F79EFBC}") = "linq", "WindowsFormsApp1\linq.csproj", "{D3956A75-5195-4444-ADB9-EE06067402ED}"
EndProject
Global
	GlobalSection(SolutionConfigurationPlatforms) = preSolution
		Debug|Any CPU = Debug|Any CPU
		Release|Any CPU = Release|Any CPU
	EndGlobalSection
	GlobalSection(ProjectConfigurationPlatforms) = postSolution
		{D3956A75-5195-4444-ADB9-EE06067402ED}.Debug|Any CPU.ActiveCfg = Debug|Any CPU
		{D3956A75-5195-4444-ADB9-EE06067402ED}.Debug|Any CPU.Build.0 = Debug|Any CPU
		{D3956A75-5195-4444-ADB9-EE06067402ED}.Release|Any CPU.ActiveCfg = Release|Any CPU
		{D3956A75-5195-4444-ADB9-EE06067402ED}.Release|Any CPU.Build.0 = Release|Any CPU
	EndGlobalSection
	GlobalSection(SolutionProperties) = preSolution
		HideSolutionNode = FALSE
	EndGlobalSection
	GlobalSection(ExtensibilityGlobals) = postSolution
		SolutionGuid = {2D52D152-764E-4FD2-978B-21A0713C011A}
	EndGlobalSection
EndGlobal
